// !$*UTF8*$!
{
	archiveVersion = 1;
	classes = {
	};
	objectVersion = 46;
	objects = {

/* Begin PBXBuildFile section */
		0AF3A2311CA3A2D4004D3433 /* AppDelegate.swift in Sources */ = {isa = PBXBuildFile; fileRef = 0AF3A2301CA3A2D4004D3433 /* AppDelegate.swift */; };
		0AF3A2331CA3A2D4004D3433 /* ViewController.swift in Sources */ = {isa = PBXBuildFile; fileRef = 0AF3A2321CA3A2D4004D3433 /* ViewController.swift */; };
		0AF3A2361CA3A2D4004D3433 /* Main.storyboard in Resources */ = {isa = PBXBuildFile; fileRef = 0AF3A2341CA3A2D4004D3433 /* Main.storyboard */; };
		0AF3A2381CA3A2D4004D3433 /* Assets.xcassets in Resources */ = {isa = PBXBuildFile; fileRef = 0AF3A2371CA3A2D4004D3433 /* Assets.xcassets */; };
		0AF3A2421CA3A575004D3433 /* HttpService.swift in Sources */ = {isa = PBXBuildFile; fileRef = 0AF3A2411CA3A575004D3433 /* HttpService.swift */; };
		0AF3A2441CA3A5B1004D3433 /* DisplayCell.swift in Sources */ = {isa = PBXBuildFile; fileRef = 0AF3A2431CA3A5B1004D3433 /* DisplayCell.swift */; };
/* End PBXBuildFile section */

/* Begin PBXFileReference section */
		0AF3A22D1CA3A2D4004D3433 /* MovieBox.app */ = {isa = PBXFileReference; explicitFileType = wrapper.application; includeInIndex = 0; path = MovieBox.app; sourceTree = BUILT_PRODUCTS_DIR; };
		0AF3A2301CA3A2D4004D3433 /* AppDelegate.swift */ = {isa = PBXFileReference; lastKnownFileType = sourcecode.swift; path = AppDelegate.swift; sourceTree = "<group>"; };
		0AF3A2321CA3A2D4004D3433 /* ViewController.swift */ = {isa = PBXFileReference; lastKnownFileType = sourcecode.swift; path = ViewController.swift; sourceTree = "<group>"; };
		0AF3A2351CA3A2D4004D3433 /* Base */ = {isa = PBXFileReference; lastKnownFileType = file.storyboard; name = Base; path = Base.lproj/Main.storyboard; sourceTree = "<group>"; };
		0AF3A2371CA3A2D4004D3433 /* Assets.xcassets */ = {isa = PBXFileReference; lastKnownFileType = folder.assetcatalog; path = Assets.xcassets; sourceTree = "<group>"; };
		0AF3A2391CA3A2D4004D3433 /* Info.plist */ = {isa = PBXFileReference; lastKnownFileType = text.plist.xml; path = Info.plist; sourceTree = "<group>"; };
		0AF3A2411CA3A575004D3433 /* HttpService.swift */ = {isa = PBXFileReference; fileEncoding = 4; lastKnownFileType = sourcecode.swift; path = HttpService.swift; sourceTree = "<group>"; };
		0AF3A2431CA3A5B1004D3433 /* DisplayCell.swift */ = {isa = PBXFileReference; fileEncoding = 4; lastKnownFileType = sourcecode.swift; path = DisplayCell.swift; sourceTree = "<group>"; };
/* End PBXFileReference section */

/* Begin PBXFrameworksBuildPhase section */
		0AF3A22A1CA3A2D4004D3433 /* Frameworks */ = {
			isa = PBXFrameworksBuildPhase;
			buildActionMask = 2147483647;
			files = (
			);
			runOnlyForDeploymentPostprocessing = 0;
		};
/* End PBXFrameworksBuildPhase section */

/* Begin PBXGroup section */
		0AF3A2241CA3A2D3004D3433 = {
			isa = PBXGroup;
			children = (
				0AF3A22F1CA3A2D4004D3433 /* MovieBox */,
				0AF3A22E1CA3A2D4004D3433 /* Products */,
			);
			sourceTree = "<group>";
		};
		0AF3A22E1CA3A2D4004D3433 /* Products */ = {
			isa = PBXGroup;
			children = (
				0AF3A22D1CA3A2D4004D3433 /* MovieBox.app */,
			);
			name = Products;
			sourceTree = "<group>";
		};
		0AF3A22F1CA3A2D4004D3433 /* MovieBox */ = {
			isa = PBXGroup;
			children = (
				0AF3A2401CA3A554004D3433 /* View */,
				0AF3A23F1CA3A542004D3433 /* Services */,
				0AF3A2301CA3A2D4004D3433 /* AppDelegate.swift */,
				0AF3A2321CA3A2D4004D3433 /* ViewController.swift */,
				0AF3A2341CA3A2D4004D3433 /* Main.storyboard */,
				0AF3A2371CA3A2D4004D3433 /* Assets.xcassets */,
				0AF3A2391CA3A2D4004D3433 /* Info.plist */,
			);
			path = MovieBox;
			sourceTree = "<group>";
		};
		0AF3A23F1CA3A542004D3433 /* Services */ = {
			isa = PBXGroup;
			children = (
				0AF3A2411CA3A575004D3433 /* HttpService.swift */,
			);
			name = Services;
			sourceTree = "<group>";
		};
		0AF3A2401CA3A554004D3433 /* View */ = {
			isa = PBXGroup;
			children = (
				0AF3A2431CA3A5B1004D3433 /* DisplayCell.swift */,
			);
			name = View;
			sourceTree = "<group>";
		};
/* End PBXGroup section */

/* Begin PBXNativeTarget section */
		0AF3A22C1CA3A2D4004D3433 /* MovieBox */ = {
			isa = PBXNativeTarget;
			buildConfigurationList = 0AF3A23C1CA3A2D4004D3433 /* Build configuration list for PBXNativeTarget "MovieBox" */;
			buildPhases = (
				0AF3A2291CA3A2D4004D3433 /* Sources */,
				0AF3A22A1CA3A2D4004D3433 /* Frameworks */,
				0AF3A22B1CA3A2D4004D3433 /* Resources */,
			);
			buildRules = (
			);
			dependencies = (
			);
			name = MovieBox;
			productName = MovieBox;
			productReference = 0AF3A22D1CA3A2D4004D3433 /* MovieBox.app */;
			productType = "com.apple.product-type.application";
		};
/* End PBXNativeTarget section */

/* Begin PBXProject section */
		0AF3A2251CA3A2D4004D3433 /* Project object */ = {
			isa = PBXProject;
			attributes = {
				LastSwiftUpdateCheck = 0730;
				LastUpgradeCheck = 0730;
				ORGANIZATIONNAME = Bagga;
				TargetAttributes = {
					0AF3A22C1CA3A2D4004D3433 = {
						CreatedOnToolsVersion = 7.3;
					};
				};
			};
			buildConfigurationList = 0AF3A2281CA3A2D4004D3433 /* Build configuration list for PBXProject "MovieBox" */;
			compatibilityVersion = "Xcode 3.2";
			developmentRegion = English;
			hasScannedForEncodings = 0;
			knownRegions = (
				en,
				Base,
			);
			mainGroup = 0AF3A2241CA3A2D3004D3433;
			productRefGroup = 0AF3A22E1CA3A2D4004D3433 /* Products */;
			projectDirPath = "";
			projectRoot = "";
			targets = (
				0AF3A22C1CA3A2D4004D3433 /* MovieBox */,
			);
		};
/* End PBXProject section */

/* Begin PBXResourcesBuildPhase section */
		0AF3A22B1CA3A2D4004D3433 /* Resources */ = {
			isa = PBXResourcesBuildPhase;
			buildActionMask = 2147483647;
			files = (
				0AF3A2381CA3A2D4004D3433 /* Assets.xcassets in Resources */,
				0AF3A2361CA3A2D4004D3433 /* Main.storyboard in Resources */,
			);
			runOnlyForDeploymentPostprocessing = 0;
		};
/* End PBXResourcesBuildPhase section */

/* Begin PBXSourcesBuildPhase section */
		0AF3A2291CA3A2D4004D3433 /* Sources */ = {
			isa = PBXSourcesBuildPhase;
			buildActionMask = 2147483647;
			files = (
				0AF3A2331CA3A2D4004D3433 /* ViewController.swift in Sources */,
				0AF3A2311CA3A2D4004D3433 /* AppDelegate.swift in Sources */,
				0AF3A2441CA3A5B1004D3433 /* DisplayCell.swift in Sources */,
				0AF3A2421CA3A575004D3433 /* HttpService.swift in Sources */,
			);
			runOnlyForDeploymentPostprocessing = 0;
		};
/* End PBXSourcesBuildPhase section */

/* Begin PBXVariantGroup section */
		0AF3A2341CA3A2D4004D3433 /* Main.storyboard */ = {
			isa = PBXVariantGroup;
			children = (
				0AF3A2351CA3A2D4004D3433 /* Base */,
			);
			name = Main.storyboard;
			sourceTree = "<group>";
		};
/* End PBXVariantGroup section */

/* Begin XCBuildConfiguration section */
		0AF3A23A1CA3A2D4004D3433 /* Debug */ = {
			isa = XCBuildConfiguration;
			buildSettings = {
				ALWAYS_SEARCH_USER_PATHS = NO;
				CLANG_ANALYZER_NONNULL = YES;
				CLANG_CXX_LANGUAGE_STANDARD = "gnu++0x";
				CLANG_CXX_LIBRARY = "libc++";
				CLANG_ENABLE_MODULES = YES;
				CLANG_ENABLE_OBJC_ARC = YES;
				CLANG_WARN_BOOL_CONVERSION = YES;
				CLANG_WARN_CONSTANT_CONVERSION = YES;
				CLANG_WARN_DIRECT_OBJC_ISA_USAGE = YES_ERROR;
				CLANG_WARN_EMPTY_BODY = YES;
				CLANG_WARN_ENUM_CONVERSION = YES;
				CLANG_WARN_INT_CONVERSION = YES;
				CLANG_WARN_OBJC_ROOT_CLASS = YES_ERROR;
				CLANG_WARN_UNREACHABLE_CODE = YES;
				CLANG_WARN__DUPLICATE_METHOD_MATCH = YES;
				COPY_PHASE_STRIP = NO;
				DEBUG_INFORMATION_FORMAT = dwarf;
				ENABLE_STRICT_OBJC_MSGSEND = YES;
				ENABLE_TESTABILITY = YES;
				GCC_C_LANGUAGE_STANDARD = gnu99;
				GCC_DYNAMIC_NO_PIC = NO;
				GCC_NO_COMMON_BLOCKS = YES;
				GCC_OPTIMIZATION_LEVEL = 0;
				GCC_PREPROCESSOR_DEFINITIONS = (
					"DEBUG=1",
					"$(inherited)",
				);
				GCC_WARN_64_TO_32_BIT_CONVERSION = YES;
				GCC_WARN_ABOUT_RETURN_TYPE = YES_ERROR;
				GCC_WARN_UNDECLARED_SELECTOR = YES;
				GCC_WARN_UNINITIALIZED_AUTOS = YES_AGGRESSIVE;
				GCC_WARN_UNUSED_FUNCTION = YES;
				GCC_WARN_UNUSED_VARIABLE = YES;
				MTL_ENABLE_DEBUG_INFO = YES;
				ONLY_ACTIVE_ARCH = YES;
				SDKROOT = appletvos;
				SWIFT_OPTIMIZATION_LEVEL = "-Onone";
				TARGETED_DEVICE_FAMILY = 3;
				TVOS_DEPLOYMENT_TARGET = 9.2;
			};
			name = Debug;
		};
		0AF3A23B1CA3A2D4004D3433 /* Release */ = {
			isa = XCBuildConfiguration;
			buildSettings = {
				ALWAYS_SEARCH_USER_PATHS = NO;
				CLANG_ANALYZER_NONNULL = YES;
				CLANG_CXX_LANGUAGE_STANDARD = "gnu++0x";
				CLANG_CXX_LIBRARY = "libc++";
				CLANG_ENABLE_MODULES = YES;
				CLANG_ENABLE_OBJC_ARC = YES;
				CLANG_WARN_BOOL_CONVERSION = YES;
				CLANG_WARN_CONSTANT_CONVERSION = YES;
				CLANG_WARN_DIRECT_OBJC_ISA_USAGE = YES_ERROR;
				CLANG_WARN_EMPTY_BODY = YES;
				CLANG_WARN_ENUM_CONVERSION = YES;
				CLANG_WARN_INT_CONVERSION = YES;
				CLANG_WARN_OBJC_ROOT_CLASS = YES_ERROR;
				CLANG_WARN_UNREACHABLE_CODE = YES;
				CLANG_WARN__DUPLICATE_METHOD_MATCH = YES;
				COPY_PHASE_STRIP = NO;
				DEBUG_INFORMATION_FORMAT = "dwarf-with-dsym";
				ENABLE_NS_ASSERTIONS = NO;
				ENABLE_STRICT_OBJC_MSGSEND = YES;
				GCC_C_LANGUAGE_STANDARD = gnu99;
				GCC_NO_COMMON_BLOCKS = YES;
				GCC_WARN_64_TO_32_BIT_CONVERSION = YES;
				GCC_WARN_ABOUT_RETURN_TYPE = YES_ERROR;
				GCC_WARN_UNDECLARED_SELECTOR = YES;
				GCC_WARN_UNINITIALIZED_AUTOS = YES_AGGRESSIVE;
				GCC_WARN_UNUSED_FUNCTION = YES;
				GCC_WARN_UNUSED_VARIABLE = YES;
				MTL_ENABLE_DEBUG_INFO = NO;
				SDKROOT = appletvos;
				TARGETED_DEVICE_FAMILY = 3;
				TVOS_DEPLOYMENT_TARGET = 9.2;
				VALIDATE_PRODUCT = YES;
			};
			name = Release;
		};
		0AF3A23D1CA3A2D4004D3433 /* Debug */ = {
			isa = XCBuildConfiguration;
			buildSettings = {
				ASSETCATALOG_COMPILER_APPICON_NAME = "App Icon & Top Shelf Image";
				ASSETCATALOG_COMPILER_LAUNCHIMAGE_NAME = LaunchImage;
				INFOPLIST_FILE = MovieBox/Info.plist;
				LD_RUNPATH_SEARCH_PATHS = "$(inherited) @executable_path/Frameworks";
				PRODUCT_BUNDLE_IDENTIFIER = com.Bagga.MovieBox;
				PRODUCT_NAME = "$(TARGET_NAME)";
			};
			name = Debug;
		};
		0AF3A23E1CA3A2D4004D3433 /* Release */ = {
			isa = XCBuildConfiguration;
			buildSettings = {
				ASSETCATALOG_COMPILER_APPICON_NAME = "App Icon & Top Shelf Image";
				ASSETCATALOG_COMPILER_LAUNCHIMAGE_NAME = LaunchImage;
				INFOPLIST_FILE = MovieBox/Info.plist;
				LD_RUNPATH_SEARCH_PATHS = "$(inherited) @executable_path/Frameworks";
				PRODUCT_BUNDLE_IDENTIFIER = com.Bagga.MovieBox;
				PRODUCT_NAME = "$(TARGET_NAME)";
			};
			name = Release;
		};
/* End XCBuildConfiguration section */

/* Begin XCConfigurationList section */
		0AF3A2281CA3A2D4004D3433 /* Build configuration list for PBXProject "MovieBox" */ = {
			isa = XCConfigurationList;
			buildConfigurations = (
				0AF3A23A1CA3A2D4004D3433 /* Debug */,
				0AF3A23B1CA3A2D4004D3433 /* Release */,
			);
			defaultConfigurationIsVisible = 0;
			defaultConfigurationName = Release;
		};
		0AF3A23C1CA3A2D4004D3433 /* Build configuration list for PBXNativeTarget "MovieBox" */ = {
			isa = XCConfigurationList;
			buildConfigurations = (
				0AF3A23D1CA3A2D4004D3433 /* Debug */,
				0AF3A23E1CA3A2D4004D3433 /* Release */,
			);
			defaultConfigurationIsVisible = 0;
		};
/* End XCConfigurationList section */
	};
	rootObject = 0AF3A2251CA3A2D4004D3433 /* Project object */;
}
